
Microsoft Visual Studio Solution File, Format Version 12.00
# Visual Studio Version 17
VisualStudioVersion = 17.0.31903.59
MinimumVisualStudioVersion = 10.0.40219.1
Project("{2150E333-8FDC-42A3-9474-1A3956D46DE8}") = "src", "src", "{BC3330B7-85A1-47FC-9BD8-5474D5BD3076}"
EndProject
Project("{FAE04EC0-301F-11D3-BF4B-00C04F79EFBC}") = "MassTransitBug", "src\MassTransitBug\MassTransitBug.csproj", "{174BF6DB-717D-40B0-9813-E48D92445610}"
EndProject
Global
	GlobalSection(SolutionConfigurationPlatforms) = preSolution
		Debug|Any CPU = Debug|Any CPU
		Release|Any CPU = Release|Any CPU
	EndGlobalSection
	GlobalSection(SolutionProperties) = preSolution
		HideSolutionNode = FALSE
	EndGlobalSection
	GlobalSection(ProjectConfigurationPlatforms) = postSolution
		{174BF6DB-717D-40B0-9813-E48D92445610}.Debug|Any CPU.ActiveCfg = Debug|Any CPU
		{174BF6DB-717D-40B0-9813-E48D92445610}.Debug|Any CPU.Build.0 = Debug|Any CPU
		{174BF6DB-717D-40B0-9813-E48D92445610}.Release|Any CPU.ActiveCfg = Release|Any CPU
		{174BF6DB-717D-40B0-9813-E48D92445610}.Release|Any CPU.Build.0 = Release|Any CPU
	EndGlobalSection
	GlobalSection(NestedProjects) = preSolution
		{174BF6DB-717D-40B0-9813-E48D92445610} = {BC3330B7-85A1-47FC-9BD8-5474D5BD3076}
	EndGlobalSection
EndGlobal
